
Microsoft Visual Studio Solution File, Format Version 12.00
# Visual Studio Version 16
VisualStudioVersion = 16.0.30611.23
MinimumVisualStudioVersion = 10.0.40219.1
Project("{9A19103F-16F7-4668-BE54-9A1E7A4F7556}") = "Day1", "Day1\Day1.csproj", "{CB5B10A7-1E3A-42EB-9F35-660DD60B9B9E}"
EndProject
Project("{9A19103F-16F7-4668-BE54-9A1E7A4F7556}") = "Day2", "Day2\Day2.csproj", "{178B7324-1912-41B7-80E7-BED6D52D04A1}"
EndProject
Project("{9A19103F-16F7-4668-BE54-9A1E7A4F7556}") = "Day3", "Day3\Day3.csproj", "{FB975D81-A1EA-480E-9FFA-B4BDDED36C3F}"
EndProject
Project("{9A19103F-16F7-4668-BE54-9A1E7A4F7556}") = "Day4", "Day4\Day4.csproj", "{493D7EEF-C656-4061-BAEA-8853C450C8AD}"
EndProject
Project("{9A19103F-16F7-4668-BE54-9A1E7A4F7556}") = "Day5", "Day5\Day5.csproj", "{EDB8F094-C544-4D45-B6AE-6B578118705A}"
EndProject
Project("{9A19103F-16F7-4668-BE54-9A1E7A4F7556}") = "Day6", "Day6\Day6.csproj", "{56C25C18-3F33-4CE3-8FBF-DB9E4673481D}"
EndProject
Project("{9A19103F-16F7-4668-BE54-9A1E7A4F7556}") = "TicTacToe", "Day7\TicTacToe.csproj", "{C515A9C1-2931-45A2-B7F7-237C36BB4D84}"
EndProject
Project("{9A19103F-16F7-4668-BE54-9A1E7A4F7556}") = "Day8", "Day8\Day8.csproj", "{00C90844-801B-45DD-BB44-741E29349705}"
EndProject
Project("{9A19103F-16F7-4668-BE54-9A1E7A4F7556}") = "Day7.1", "Day7.1\Day7.1.csproj", "{928D3B05-BACD-4EB6-9119-1DD108015975}"
EndProject
Project("{9A19103F-16F7-4668-BE54-9A1E7A4F7556}") = "HomeWork1", "HomeWork1\HomeWork1.csproj", "{B2A627FA-33BB-4041-8195-A4A7745FD481}"
EndProject
Project("{FAE04EC0-301F-11D3-BF4B-00C04F79EFBC}") = "Day9and10", "Day9and10\Day9and10.csproj", "{2CC73A0A-5996-45BE-9553-836650003333}"
EndProject
Global
	GlobalSection(SolutionConfigurationPlatforms) = preSolution
		Debug|Any CPU = Debug|Any CPU
		Release|Any CPU = Release|Any CPU
	EndGlobalSection
	GlobalSection(ProjectConfigurationPlatforms) = postSolution
		{CB5B10A7-1E3A-42EB-9F35-660DD60B9B9E}.Debug|Any CPU.ActiveCfg = Debug|Any CPU
		{CB5B10A7-1E3A-42EB-9F35-660DD60B9B9E}.Debug|Any CPU.Build.0 = Debug|Any CPU
		{CB5B10A7-1E3A-42EB-9F35-660DD60B9B9E}.Release|Any CPU.ActiveCfg = Release|Any CPU
		{CB5B10A7-1E3A-42EB-9F35-660DD60B9B9E}.Release|Any CPU.Build.0 = Release|Any CPU
		{178B7324-1912-41B7-80E7-BED6D52D04A1}.Debug|Any CPU.ActiveCfg = Debug|Any CPU
		{178B7324-1912-41B7-80E7-BED6D52D04A1}.Debug|Any CPU.Build.0 = Debug|Any CPU
		{178B7324-1912-41B7-80E7-BED6D52D04A1}.Release|Any CPU.ActiveCfg = Release|Any CPU
		{178B7324-1912-41B7-80E7-BED6D52D04A1}.Release|Any CPU.Build.0 = Release|Any CPU
		{FB975D81-A1EA-480E-9FFA-B4BDDED36C3F}.Debug|Any CPU.ActiveCfg = Debug|Any CPU
		{FB975D81-A1EA-480E-9FFA-B4BDDED36C3F}.Debug|Any CPU.Build.0 = Debug|Any CPU
		{FB975D81-A1EA-480E-9FFA-B4BDDED36C3F}.Release|Any CPU.ActiveCfg = Release|Any CPU
		{FB975D81-A1EA-480E-9FFA-B4BDDED36C3F}.Release|Any CPU.Build.0 = Release|Any CPU
		{493D7EEF-C656-4061-BAEA-8853C450C8AD}.Debug|Any CPU.ActiveCfg = Debug|Any CPU
		{493D7EEF-C656-4061-BAEA-8853C450C8AD}.Debug|Any CPU.Build.0 = Debug|Any CPU
		{493D7EEF-C656-4061-BAEA-8853C450C8AD}.Release|Any CPU.ActiveCfg = Release|Any CPU
		{493D7EEF-C656-4061-BAEA-8853C450C8AD}.Release|Any CPU.Build.0 = Release|Any CPU
		{EDB8F094-C544-4D45-B6AE-6B578118705A}.Debug|Any CPU.ActiveCfg = Debug|Any CPU
		{EDB8F094-C544-4D45-B6AE-6B578118705A}.Debug|Any CPU.Build.0 = Debug|Any CPU
		{EDB8F094-C544-4D45-B6AE-6B578118705A}.Release|Any CPU.ActiveCfg = Release|Any CPU
		{EDB8F094-C544-4D45-B6AE-6B578118705A}.Release|Any CPU.Build.0 = Release|Any CPU
		{56C25C18-3F33-4CE3-8FBF-DB9E4673481D}.Debug|Any CPU.ActiveCfg = Debug|Any CPU
		{56C25C18-3F33-4CE3-8FBF-DB9E4673481D}.Debug|Any CPU.Build.0 = Debug|Any CPU
		{56C25C18-3F33-4CE3-8FBF-DB9E4673481D}.Release|Any CPU.ActiveCfg = Release|Any CPU
		{56C25C18-3F33-4CE3-8FBF-DB9E4673481D}.Release|Any CPU.Build.0 = Release|Any CPU
		{C515A9C1-2931-45A2-B7F7-237C36BB4D84}.Debug|Any CPU.ActiveCfg = Debug|Any CPU
		{C515A9C1-2931-45A2-B7F7-237C36BB4D84}.Debug|Any CPU.Build.0 = Debug|Any CPU
		{C515A9C1-2931-45A2-B7F7-237C36BB4D84}.Release|Any CPU.ActiveCfg = Release|Any CPU
		{C515A9C1-2931-45A2-B7F7-237C36BB4D84}.Release|Any CPU.Build.0 = Release|Any CPU
		{00C90844-801B-45DD-BB44-741E29349705}.Debug|Any CPU.ActiveCfg = Debug|Any CPU
		{00C90844-801B-45DD-BB44-741E29349705}.Debug|Any CPU.Build.0 = Debug|Any CPU
		{00C90844-801B-45DD-BB44-741E29349705}.Release|Any CPU.ActiveCfg = Release|Any CPU
		{00C90844-801B-45DD-BB44-741E29349705}.Release|Any CPU.Build.0 = Release|Any CPU
		{928D3B05-BACD-4EB6-9119-1DD108015975}.Debug|Any CPU.ActiveCfg = Debug|Any CPU
		{928D3B05-BACD-4EB6-9119-1DD108015975}.Debug|Any CPU.Build.0 = Debug|Any CPU
		{928D3B05-BACD-4EB6-9119-1DD108015975}.Release|Any CPU.ActiveCfg = Release|Any CPU
		{928D3B05-BACD-4EB6-9119-1DD108015975}.Release|Any CPU.Build.0 = Release|Any CPU
		{B2A627FA-33BB-4041-8195-A4A7745FD481}.Debug|Any CPU.ActiveCfg = Debug|Any CPU
		{B2A627FA-33BB-4041-8195-A4A7745FD481}.Debug|Any CPU.Build.0 = Debug|Any CPU
		{B2A627FA-33BB-4041-8195-A4A7745FD481}.Release|Any CPU.ActiveCfg = Release|Any CPU
		{B2A627FA-33BB-4041-8195-A4A7745FD481}.Release|Any CPU.Build.0 = Release|Any CPU
		{2CC73A0A-5996-45BE-9553-836650003333}.Debug|Any CPU.ActiveCfg = Debug|Any CPU
		{2CC73A0A-5996-45BE-9553-836650003333}.Debug|Any CPU.Build.0 = Debug|Any CPU
		{2CC73A0A-5996-45BE-9553-836650003333}.Release|Any CPU.ActiveCfg = Release|Any CPU
		{2CC73A0A-5996-45BE-9553-836650003333}.Release|Any CPU.Build.0 = Release|Any CPU
	EndGlobalSection
	GlobalSection(SolutionProperties) = preSolution
		HideSolutionNode = FALSE
	EndGlobalSection
	GlobalSection(ExtensibilityGlobals) = postSolution
		SolutionGuid = {35836599-9411-4955-8F8F-7171D158F0E0}
	EndGlobalSection
EndGlobal
